{
    "_readme": [
        "This file locks the dependencies of your project to a known state",
        "Read more about it at https://getcomposer.org/doc/01-basic-usage.md#installing-dependencies",
        "This file is @generated automatically"
    ],
    "content-hash": "49d3cbf2cd488806b296a5b9de88cc63",
    "packages": [
        {
            "name": "uikit/uikit",
            "version": "v3.7.1",
            "source": {
                "type": "git",
                "url": "https://github.com/uikit/uikit.git",
                "reference": "09cbea8d5e243abc8975199dd3c7da34d1074d0d"
            },
            "dist": {
                "type": "zip",
                "url": "https://api.github.com/repos/uikit/uikit/zipball/09cbea8d5e243abc8975199dd3c7da34d1074d0d",
                "reference": "09cbea8d5e243abc8975199dd3c7da34d1074d0d",
                "shasum": ""
            },
            "type": "library",
            "extra": {
                "branch-alias": {
                    "dev-master": "3.0.x-dev"
                }
            },
            "notification-url": "https://packagist.org/downloads/",
            "license": [
                "MIT"
            ],
            "description": "UIkit is a lightweight and modular front-end framework for developing fast and powerful web interfaces.",
            "homepage": "https://getuikit.com/",
            "support": {
                "issues": "https://github.com/uikit/uikit/issues",
                "source": "https://github.com/uikit/uikit/tree/v3.7.1"
            },
            "funding": [
                {
                    "url": "https://github.com/uikit",
                    "type": "github"
                }
            ],
            "time": "2021-07-15T09:58:26+00:00"
        }
    ],
    "packages-dev": [],
    "aliases": [],
    "minimum-stability": "stable",
    "stability-flags": [],
    "prefer-stable": false,
    "prefer-lowest": false,
    "platform": [],
    "platform-dev": [],
    "plugin-api-version": "2.1.0"
}
